
Microsoft Visual Studio Solution File, Format Version 12.00
# Visual Studio Version 17
VisualStudioVersion = 17.8.34330.188
MinimumVisualStudioVersion = 10.0.40219.1
Project("{FAE04EC0-301F-11D3-BF4B-00C04F79EFBC}") = "Alvarez_ApiPublica", "Alvarez_ApiPublica.csproj", "{FDF46633-B2DF-4700-8DB8-AF5E915B57A3}"
EndProject
Global
	GlobalSection(SolutionConfigurationPlatforms) = preSolution
		Debug|Any CPU = Debug|Any CPU
		Release|Any CPU = Release|Any CPU
	EndGlobalSection
	GlobalSection(ProjectConfigurationPlatforms) = postSolution
		{FDF46633-B2DF-4700-8DB8-AF5E915B57A3}.Debug|Any CPU.ActiveCfg = Debug|Any CPU
		{FDF46633-B2DF-4700-8DB8-AF5E915B57A3}.Debug|Any CPU.Build.0 = Debug|Any CPU
		{FDF46633-B2DF-4700-8DB8-AF5E915B57A3}.Debug|Any CPU.Deploy.0 = Debug|Any CPU
		{FDF46633-B2DF-4700-8DB8-AF5E915B57A3}.Release|Any CPU.ActiveCfg = Release|Any CPU
		{FDF46633-B2DF-4700-8DB8-AF5E915B57A3}.Release|Any CPU.Build.0 = Release|Any CPU
		{FDF46633-B2DF-4700-8DB8-AF5E915B57A3}.Release|Any CPU.Deploy.0 = Release|Any CPU
	EndGlobalSection
	GlobalSection(SolutionProperties) = preSolution
		HideSolutionNode = FALSE
	EndGlobalSection
	GlobalSection(ExtensibilityGlobals) = postSolution
		SolutionGuid = {94EFE23E-5EF8-4B3E-8F2C-480EB619BBFC}
	EndGlobalSection
EndGlobal
